// !$*UTF8*$!
{
	archiveVersion = 1;
	classes = {
	};
	objectVersion = 55;
	objects = {

/* Begin PBXBuildFile section */
		6B39EEB427D7BDB100BE8E4B /* Float+Condition.swift in Sources */ = {isa = PBXBuildFile; fileRef = 6B39EEB327D7BDB000BE8E4B /* Float+Condition.swift */; };
		6B50A60927D74226006B103E /* MOTUSApp.swift in Sources */ = {isa = PBXBuildFile; fileRef = 6B50A60827D74226006B103E /* MOTUSApp.swift */; };
		6B50A60D27D74228006B103E /* Assets.xcassets in Resources */ = {isa = PBXBuildFile; fileRef = 6B50A60C27D74228006B103E /* Assets.xcassets */; };
		6B50A61027D74228006B103E /* Preview Assets.xcassets in Resources */ = {isa = PBXBuildFile; fileRef = 6B50A60F27D74228006B103E /* Preview Assets.xcassets */; };
		6B50A63627D74277006B103E /* StepDefiner+Helper.swift in Sources */ = {isa = PBXBuildFile; fileRef = 6B50A63327D74277006B103E /* StepDefiner+Helper.swift */; };
		6B50A63727D74277006B103E /* MotusTest.swift in Sources */ = {isa = PBXBuildFile; fileRef = 6B50A63427D74277006B103E /* MotusTest.swift */; };
		6B50A63827D74277006B103E /* MotusTest.feature in Resources */ = {isa = PBXBuildFile; fileRef = 6B50A63527D74277006B103E /* MotusTest.feature */; };
		6B50A63A27D7427E006B103E /* lexiques in Resources */ = {isa = PBXBuildFile; fileRef = 6B50A63927D7427E006B103E /* lexiques */; };
		6B50A64527D742F5006B103E /* String.Index+Rechercher.swift in Sources */ = {isa = PBXBuildFile; fileRef = 6B50A63C27D742F5006B103E /* String.Index+Rechercher.swift */; };
		6B50A64627D742F5006B103E /* Collection+Rechercher.swift in Sources */ = {isa = PBXBuildFile; fileRef = 6B50A63D27D742F5006B103E /* Collection+Rechercher.swift */; };
		6B50A64727D742F5006B103E /* Array+Filter.swift in Sources */ = {isa = PBXBuildFile; fileRef = 6B50A63E27D742F5006B103E /* Array+Filter.swift */; };
		6B50A64827D742F5006B103E /* StringProtocol+Rechercher.swift in Sources */ = {isa = PBXBuildFile; fileRef = 6B50A63F27D742F5006B103E /* StringProtocol+Rechercher.swift */; };
		6B50A64927D742F5006B103E /* String+EstCorrespondant.swift in Sources */ = {isa = PBXBuildFile; fileRef = 6B50A64027D742F5006B103E /* String+EstCorrespondant.swift */; };
		6B50A64A27D742F5006B103E /* String+Modifier.swift in Sources */ = {isa = PBXBuildFile; fileRef = 6B50A64127D742F5006B103E /* String+Modifier.swift */; };
		6B50A64B27D742F5006B103E /* Proposition.swift in Sources */ = {isa = PBXBuildFile; fileRef = 6B50A64227D742F5006B103E /* Proposition.swift */; };
		6B50A64C27D742F5006B103E /* Motus.swift in Sources */ = {isa = PBXBuildFile; fileRef = 6B50A64327D742F5006B103E /* Motus.swift */; };
		6B50A64D27D742F5006B103E /* Constantes.swift in Sources */ = {isa = PBXBuildFile; fileRef = 6B50A64427D742F5006B103E /* Constantes.swift */; };
		6B50A65027D74349006B103E /* XCTest_Gherkin in Frameworks */ = {isa = PBXBuildFile; productRef = 6B50A64F27D74349006B103E /* XCTest_Gherkin */; };
/* End PBXBuildFile section */

/* Begin PBXContainerItemProxy section */
		6B50A61727D74228006B103E /* PBXContainerItemProxy */ = {
			isa = PBXContainerItemProxy;
			containerPortal = 6B50A5FD27D74226006B103E /* Project object */;
			proxyType = 1;
			remoteGlobalIDString = 6B50A60427D74226006B103E;
			remoteInfo = MOTUS;
		};
/* End PBXContainerItemProxy section */

/* Begin PBXFileReference section */
		6B39EEB327D7BDB000BE8E4B /* Float+Condition.swift */ = {isa = PBXFileReference; fileEncoding = 4; lastKnownFileType = sourcecode.swift; path = "Float+Condition.swift"; sourceTree = "<group>"; };
		6B50A60527D74226006B103E /* MOTUS.app */ = {isa = PBXFileReference; explicitFileType = wrapper.application; includeInIndex = 0; path = MOTUS.app; sourceTree = BUILT_PRODUCTS_DIR; };
		6B50A60827D74226006B103E /* MOTUSApp.swift */ = {isa = PBXFileReference; lastKnownFileType = sourcecode.swift; path = MOTUSApp.swift; sourceTree = "<group>"; };
		6B50A60C27D74228006B103E /* Assets.xcassets */ = {isa = PBXFileReference; lastKnownFileType = folder.assetcatalog; path = Assets.xcassets; sourceTree = "<group>"; };
		6B50A60F27D74228006B103E /* Preview Assets.xcassets */ = {isa = PBXFileReference; lastKnownFileType = folder.assetcatalog; path = "Preview Assets.xcassets"; sourceTree = "<group>"; };
		6B50A61127D74228006B103E /* MOTUS.entitlements */ = {isa = PBXFileReference; lastKnownFileType = text.plist.entitlements; path = MOTUS.entitlements; sourceTree = "<group>"; };
		6B50A61627D74228006B103E /* MOTUSTests.xctest */ = {isa = PBXFileReference; explicitFileType = wrapper.cfbundle; includeInIndex = 0; path = MOTUSTests.xctest; sourceTree = BUILT_PRODUCTS_DIR; };
		6B50A63327D74277006B103E /* StepDefiner+Helper.swift */ = {isa = PBXFileReference; fileEncoding = 4; lastKnownFileType = sourcecode.swift; path = "StepDefiner+Helper.swift"; sourceTree = "<group>"; };
		6B50A63427D74277006B103E /* MotusTest.swift */ = {isa = PBXFileReference; fileEncoding = 4; lastKnownFileType = sourcecode.swift; path = MotusTest.swift; sourceTree = "<group>"; };
		6B50A63527D74277006B103E /* MotusTest.feature */ = {isa = PBXFileReference; fileEncoding = 4; lastKnownFileType = text; path = MotusTest.feature; sourceTree = "<group>"; };
		6B50A63927D7427E006B103E /* lexiques */ = {isa = PBXFileReference; lastKnownFileType = folder; path = lexiques; sourceTree = "<group>"; };
		6B50A63C27D742F5006B103E /* String.Index+Rechercher.swift */ = {isa = PBXFileReference; fileEncoding = 4; lastKnownFileType = sourcecode.swift; path = "String.Index+Rechercher.swift"; sourceTree = "<group>"; };
		6B50A63D27D742F5006B103E /* Collection+Rechercher.swift */ = {isa = PBXFileReference; fileEncoding = 4; lastKnownFileType = sourcecode.swift; path = "Collection+Rechercher.swift"; sourceTree = "<group>"; };
		6B50A63E27D742F5006B103E /* Array+Filter.swift */ = {isa = PBXFileReference; fileEncoding = 4; lastKnownFileType = sourcecode.swift; path = "Array+Filter.swift"; sourceTree = "<group>"; };
		6B50A63F27D742F5006B103E /* StringProtocol+Rechercher.swift */ = {isa = PBXFileReference; fileEncoding = 4; lastKnownFileType = sourcecode.swift; path = "StringProtocol+Rechercher.swift"; sourceTree = "<group>"; };
		6B50A64027D742F5006B103E /* String+EstCorrespondant.swift */ = {isa = PBXFileReference; fileEncoding = 4; lastKnownFileType = sourcecode.swift; path = "String+EstCorrespondant.swift"; sourceTree = "<group>"; };
		6B50A64127D742F5006B103E /* String+Modifier.swift */ = {isa = PBXFileReference; fileEncoding = 4; lastKnownFileType = sourcecode.swift; path = "String+Modifier.swift"; sourceTree = "<group>"; };
		6B50A64227D742F5006B103E /* Proposition.swift */ = {isa = PBXFileReference; fileEncoding = 4; lastKnownFileType = sourcecode.swift; path = Proposition.swift; sourceTree = "<group>"; };
		6B50A64327D742F5006B103E /* Motus.swift */ = {isa = PBXFileReference; fileEncoding = 4; lastKnownFileType = sourcecode.swift; path = Motus.swift; sourceTree = "<group>"; };
		6B50A64427D742F5006B103E /* Constantes.swift */ = {isa = PBXFileReference; fileEncoding = 4; lastKnownFileType = sourcecode.swift; path = Constantes.swift; sourceTree = "<group>"; };
/* End PBXFileReference section */

/* Begin PBXFrameworksBuildPhase section */
		6B50A60227D74226006B103E /* Frameworks */ = {
			isa = PBXFrameworksBuildPhase;
			buildActionMask = 2147483647;
			files = (
			);
			runOnlyForDeploymentPostprocessing = 0;
		};
		6B50A61327D74228006B103E /* Frameworks */ = {
			isa = PBXFrameworksBuildPhase;
			buildActionMask = 2147483647;
			files = (
				6B50A65027D74349006B103E /* XCTest_Gherkin in Frameworks */,
			);
			runOnlyForDeploymentPostprocessing = 0;
		};
/* End PBXFrameworksBuildPhase section */

/* Begin PBXGroup section */
		6B50A5FC27D74226006B103E = {
			isa = PBXGroup;
			children = (
				6B50A60727D74226006B103E /* MOTUS */,
				6B50A61927D74228006B103E /* MOTUSTests */,
				6B50A60627D74226006B103E /* Products */,
			);
			sourceTree = "<group>";
		};
		6B50A60627D74226006B103E /* Products */ = {
			isa = PBXGroup;
			children = (
				6B50A60527D74226006B103E /* MOTUS.app */,
				6B50A61627D74228006B103E /* MOTUSTests.xctest */,
			);
			name = Products;
			sourceTree = "<group>";
		};
		6B50A60727D74226006B103E /* MOTUS */ = {
			isa = PBXGroup;
			children = (
				6B50A64427D742F5006B103E /* Constantes.swift */,
				6B50A63B27D742F5006B103E /* Extensions */,
				6B50A64327D742F5006B103E /* Motus.swift */,
				6B50A64227D742F5006B103E /* Proposition.swift */,
				6B50A60827D74226006B103E /* MOTUSApp.swift */,
				6B50A60C27D74228006B103E /* Assets.xcassets */,
				6B50A61127D74228006B103E /* MOTUS.entitlements */,
				6B50A60E27D74228006B103E /* Preview Content */,
			);
			path = MOTUS;
			sourceTree = "<group>";
		};
		6B50A60E27D74228006B103E /* Preview Content */ = {
			isa = PBXGroup;
			children = (
				6B50A60F27D74228006B103E /* Preview Assets.xcassets */,
			);
			path = "Preview Content";
			sourceTree = "<group>";
		};
		6B50A61927D74228006B103E /* MOTUSTests */ = {
			isa = PBXGroup;
			children = (
				6B50A63927D7427E006B103E /* lexiques */,
				6B50A63527D74277006B103E /* MotusTest.feature */,
				6B50A63427D74277006B103E /* MotusTest.swift */,
				6B50A63327D74277006B103E /* StepDefiner+Helper.swift */,
			);
			path = MOTUSTests;
			sourceTree = "<group>";
		};
		6B50A63B27D742F5006B103E /* Extensions */ = {
			isa = PBXGroup;
			children = (
				6B39EEB327D7BDB000BE8E4B /* Float+Condition.swift */,
				6B50A63C27D742F5006B103E /* String.Index+Rechercher.swift */,
				6B50A63D27D742F5006B103E /* Collection+Rechercher.swift */,
				6B50A63E27D742F5006B103E /* Array+Filter.swift */,
				6B50A63F27D742F5006B103E /* StringProtocol+Rechercher.swift */,
				6B50A64027D742F5006B103E /* String+EstCorrespondant.swift */,
				6B50A64127D742F5006B103E /* String+Modifier.swift */,
			);
			path = Extensions;
			sourceTree = "<group>";
		};
/* End PBXGroup section */

/* Begin PBXNativeTarget section */
		6B50A60427D74226006B103E /* MOTUS */ = {
			isa = PBXNativeTarget;
			buildConfigurationList = 6B50A62A27D74228006B103E /* Build configuration list for PBXNativeTarget "MOTUS" */;
			buildPhases = (
				6B50A60127D74226006B103E /* Sources */,
				6B50A60227D74226006B103E /* Frameworks */,
				6B50A60327D74226006B103E /* Resources */,
				6BCAD22C27D744E0009D218E /* SwiftFormat et SwiftLint */,
			);
			buildRules = (
			);
			dependencies = (
			);
			name = MOTUS;
			productName = MOTUS;
			productReference = 6B50A60527D74226006B103E /* MOTUS.app */;
			productType = "com.apple.product-type.application";
		};
		6B50A61527D74228006B103E /* MOTUSTests */ = {
			isa = PBXNativeTarget;
			buildConfigurationList = 6B50A62D27D74228006B103E /* Build configuration list for PBXNativeTarget "MOTUSTests" */;
			buildPhases = (
				6B50A61227D74228006B103E /* Sources */,
				6B50A61327D74228006B103E /* Frameworks */,
				6B50A61427D74228006B103E /* Resources */,
			);
			buildRules = (
			);
			dependencies = (
				6B50A61827D74228006B103E /* PBXTargetDependency */,
			);
			name = MOTUSTests;
			packageProductDependencies = (
				6B50A64F27D74349006B103E /* XCTest_Gherkin */,
			);
			productName = MOTUSTests;
			productReference = 6B50A61627D74228006B103E /* MOTUSTests.xctest */;
			productType = "com.apple.product-type.bundle.unit-test";
		};
/* End PBXNativeTarget section */

/* Begin PBXProject section */
		6B50A5FD27D74226006B103E /* Project object */ = {
			isa = PBXProject;
			attributes = {
				BuildIndependentTargetsInParallel = 1;
				LastSwiftUpdateCheck = 1310;
				LastUpgradeCheck = 1310;
				TargetAttributes = {
					6B50A60427D74226006B103E = {
						CreatedOnToolsVersion = 13.1;
					};
					6B50A61527D74228006B103E = {
						CreatedOnToolsVersion = 13.1;
						TestTargetID = 6B50A60427D74226006B103E;
					};
				};
			};
			buildConfigurationList = 6B50A60027D74226006B103E /* Build configuration list for PBXProject "MOTUS" */;
			compatibilityVersion = "Xcode 13.0";
			developmentRegion = en;
			hasScannedForEncodings = 0;
			knownRegions = (
				en,
				Base,
			);
			mainGroup = 6B50A5FC27D74226006B103E;
			packageReferences = (
				6B50A64E27D74349006B103E /* XCRemoteSwiftPackageReference "XCTest-Gherkin" */,
			);
			productRefGroup = 6B50A60627D74226006B103E /* Products */;
			projectDirPath = "";
			projectRoot = "";
			targets = (
				6B50A60427D74226006B103E /* MOTUS */,
				6B50A61527D74228006B103E /* MOTUSTests */,
			);
		};
/* End PBXProject section */

/* Begin PBXResourcesBuildPhase section */
		6B50A60327D74226006B103E /* Resources */ = {
			isa = PBXResourcesBuildPhase;
			buildActionMask = 2147483647;
			files = (
				6B50A61027D74228006B103E /* Preview Assets.xcassets in Resources */,
				6B50A60D27D74228006B103E /* Assets.xcassets in Resources */,
			);
			runOnlyForDeploymentPostprocessing = 0;
		};
		6B50A61427D74228006B103E /* Resources */ = {
			isa = PBXResourcesBuildPhase;
			buildActionMask = 2147483647;
			files = (
				6B50A63A27D7427E006B103E /* lexiques in Resources */,
				6B50A63827D74277006B103E /* MotusTest.feature in Resources */,
			);
			runOnlyForDeploymentPostprocessing = 0;
		};
/* End PBXResourcesBuildPhase section */

/* Begin PBXShellScriptBuildPhase section */
		6BCAD22C27D744E0009D218E /* SwiftFormat et SwiftLint */ = {
			isa = PBXShellScriptBuildPhase;
			buildActionMask = 2147483647;
			files = (
			);
			inputFileListPaths = (
			);
			inputPaths = (
			);
			name = "SwiftFormat et SwiftLint";
			outputFileListPaths = (
			);
			outputPaths = (
			);
			runOnlyForDeploymentPostprocessing = 0;
			shellPath = /bin/sh;
			shellScript = "if which swiftformat >/dev/null; then\n  swiftformat . --verbose  --disable wrapMultilineStatementBraces,trailingCommas\nelse\n  echo \"warning: SwiftFormat not installed, download from https://github.com/nicklockwood/SwiftFormat\"\n  exit 0\nfi\n\nif which swiftlint >/dev/null; then\n  swiftlint --config .swiftlint.yml\nelse\n  echo \"warning: SwiftLint not installed, download from https://github.com/realm/SwiftLint\"\n  exit 0\nfi\n";
		};
/* End PBXShellScriptBuildPhase section */

/* Begin PBXSourcesBuildPhase section */
		6B50A60127D74226006B103E /* Sources */ = {
			isa = PBXSourcesBuildPhase;
			buildActionMask = 2147483647;
			files = (
				6B50A64827D742F5006B103E /* StringProtocol+Rechercher.swift in Sources */,
				6B39EEB427D7BDB100BE8E4B /* Float+Condition.swift in Sources */,
				6B50A64627D742F5006B103E /* Collection+Rechercher.swift in Sources */,
				6B50A64B27D742F5006B103E /* Proposition.swift in Sources */,
				6B50A64C27D742F5006B103E /* Motus.swift in Sources */,
				6B50A64727D742F5006B103E /* Array+Filter.swift in Sources */,
				6B50A64D27D742F5006B103E /* Constantes.swift in Sources */,
				6B50A60927D74226006B103E /* MOTUSApp.swift in Sources */,
				6B50A64927D742F5006B103E /* String+EstCorrespondant.swift in Sources */,
				6B50A64A27D742F5006B103E /* String+Modifier.swift in Sources */,
				6B50A64527D742F5006B103E /* String.Index+Rechercher.swift in Sources */,
			);
			runOnlyForDeploymentPostprocessing = 0;
		};
		6B50A61227D74228006B103E /* Sources */ = {
			isa = PBXSourcesBuildPhase;
			buildActionMask = 2147483647;
			files = (
				6B50A63727D74277006B103E /* MotusTest.swift in Sources */,
				6B50A63627D74277006B103E /* StepDefiner+Helper.swift in Sources */,
			);
			runOnlyForDeploymentPostprocessing = 0;
		};
/* End PBXSourcesBuildPhase section */

/* Begin PBXTargetDependency section */
		6B50A61827D74228006B103E /* PBXTargetDependency */ = {
			isa = PBXTargetDependency;
			target = 6B50A60427D74226006B103E /* MOTUS */;
			targetProxy = 6B50A61727D74228006B103E /* PBXContainerItemProxy */;
		};
/* End PBXTargetDependency section */

/* Begin XCBuildConfiguration section */
		6B50A62827D74228006B103E /* Debug */ = {
			isa = XCBuildConfiguration;
			buildSettings = {
				ALWAYS_SEARCH_USER_PATHS = NO;
				CLANG_ANALYZER_NONNULL = YES;
				CLANG_ANALYZER_NUMBER_OBJECT_CONVERSION = YES_AGGRESSIVE;
				CLANG_CXX_LANGUAGE_STANDARD = "gnu++17";
				CLANG_CXX_LIBRARY = "libc++";
				CLANG_ENABLE_MODULES = YES;
				CLANG_ENABLE_OBJC_ARC = YES;
				CLANG_ENABLE_OBJC_WEAK = YES;
				CLANG_WARN_BLOCK_CAPTURE_AUTORELEASING = YES;
				CLANG_WARN_BOOL_CONVERSION = YES;
				CLANG_WARN_COMMA = YES;
				CLANG_WARN_CONSTANT_CONVERSION = YES;
				CLANG_WARN_DEPRECATED_OBJC_IMPLEMENTATIONS = YES;
				CLANG_WARN_DIRECT_OBJC_ISA_USAGE = YES_ERROR;
				CLANG_WARN_DOCUMENTATION_COMMENTS = YES;
				CLANG_WARN_EMPTY_BODY = YES;
				CLANG_WARN_ENUM_CONVERSION = YES;
				CLANG_WARN_INFINITE_RECURSION = YES;
				CLANG_WARN_INT_CONVERSION = YES;
				CLANG_WARN_NON_LITERAL_NULL_CONVERSION = YES;
				CLANG_WARN_OBJC_IMPLICIT_RETAIN_SELF = YES;
				CLANG_WARN_OBJC_LITERAL_CONVERSION = YES;
				CLANG_WARN_OBJC_ROOT_CLASS = YES_ERROR;
				CLANG_WARN_QUOTED_INCLUDE_IN_FRAMEWORK_HEADER = YES;
				CLANG_WARN_RANGE_LOOP_ANALYSIS = YES;
				CLANG_WARN_STRICT_PROTOTYPES = YES;
				CLANG_WARN_SUSPICIOUS_MOVE = YES;
				CLANG_WARN_UNGUARDED_AVAILABILITY = YES_AGGRESSIVE;
				CLANG_WARN_UNREACHABLE_CODE = YES;
				CLANG_WARN__DUPLICATE_METHOD_MATCH = YES;
				COPY_PHASE_STRIP = NO;
				DEBUG_INFORMATION_FORMAT = dwarf;
				ENABLE_STRICT_OBJC_MSGSEND = YES;
				ENABLE_TESTABILITY = YES;
				GCC_C_LANGUAGE_STANDARD = gnu11;
				GCC_DYNAMIC_NO_PIC = NO;
				GCC_NO_COMMON_BLOCKS = YES;
				GCC_OPTIMIZATION_LEVEL = 0;
				GCC_PREPROCESSOR_DEFINITIONS = (
					"DEBUG=1",
					"$(inherited)",
				);
				GCC_WARN_64_TO_32_BIT_CONVERSION = YES;
				GCC_WARN_ABOUT_RETURN_TYPE = YES_ERROR;
				GCC_WARN_UNDECLARED_SELECTOR = YES;
				GCC_WARN_UNINITIALIZED_AUTOS = YES_AGGRESSIVE;
				GCC_WARN_UNUSED_FUNCTION = YES;
				GCC_WARN_UNUSED_VARIABLE = YES;
				MACOSX_DEPLOYMENT_TARGET = 11.5;
				MTL_ENABLE_DEBUG_INFO = INCLUDE_SOURCE;
				MTL_FAST_MATH = YES;
				ONLY_ACTIVE_ARCH = YES;
				SDKROOT = macosx;
				SWIFT_ACTIVE_COMPILATION_CONDITIONS = DEBUG;
				SWIFT_OPTIMIZATION_LEVEL = "-Onone";
			};
			name = Debug;
		};
		6B50A62927D74228006B103E /* Release */ = {
			isa = XCBuildConfiguration;
			buildSettings = {
				ALWAYS_SEARCH_USER_PATHS = NO;
				CLANG_ANALYZER_NONNULL = YES;
				CLANG_ANALYZER_NUMBER_OBJECT_CONVERSION = YES_AGGRESSIVE;
				CLANG_CXX_LANGUAGE_STANDARD = "gnu++17";
				CLANG_CXX_LIBRARY = "libc++";
				CLANG_ENABLE_MODULES = YES;
				CLANG_ENABLE_OBJC_ARC = YES;
				CLANG_ENABLE_OBJC_WEAK = YES;
				CLANG_WARN_BLOCK_CAPTURE_AUTORELEASING = YES;
				CLANG_WARN_BOOL_CONVERSION = YES;
				CLANG_WARN_COMMA = YES;
				CLANG_WARN_CONSTANT_CONVERSION = YES;
				CLANG_WARN_DEPRECATED_OBJC_IMPLEMENTATIONS = YES;
				CLANG_WARN_DIRECT_OBJC_ISA_USAGE = YES_ERROR;
				CLANG_WARN_DOCUMENTATION_COMMENTS = YES;
				CLANG_WARN_EMPTY_BODY = YES;
				CLANG_WARN_ENUM_CONVERSION = YES;
				CLANG_WARN_INFINITE_RECURSION = YES;
				CLANG_WARN_INT_CONVERSION = YES;
				CLANG_WARN_NON_LITERAL_NULL_CONVERSION = YES;
				CLANG_WARN_OBJC_IMPLICIT_RETAIN_SELF = YES;
				CLANG_WARN_OBJC_LITERAL_CONVERSION = YES;
				CLANG_WARN_OBJC_ROOT_CLASS = YES_ERROR;
				CLANG_WARN_QUOTED_INCLUDE_IN_FRAMEWORK_HEADER = YES;
				CLANG_WARN_RANGE_LOOP_ANALYSIS = YES;
				CLANG_WARN_STRICT_PROTOTYPES = YES;
				CLANG_WARN_SUSPICIOUS_MOVE = YES;
				CLANG_WARN_UNGUARDED_AVAILABILITY = YES_AGGRESSIVE;
				CLANG_WARN_UNREACHABLE_CODE = YES;
				CLANG_WARN__DUPLICATE_METHOD_MATCH = YES;
				COPY_PHASE_STRIP = NO;
				DEBUG_INFORMATION_FORMAT = "dwarf-with-dsym";
				ENABLE_NS_ASSERTIONS = NO;
				ENABLE_STRICT_OBJC_MSGSEND = YES;
				GCC_C_LANGUAGE_STANDARD = gnu11;
				GCC_NO_COMMON_BLOCKS = YES;
				GCC_WARN_64_TO_32_BIT_CONVERSION = YES;
				GCC_WARN_ABOUT_RETURN_TYPE = YES_ERROR;
				GCC_WARN_UNDECLARED_SELECTOR = YES;
				GCC_WARN_UNINITIALIZED_AUTOS = YES_AGGRESSIVE;
				GCC_WARN_UNUSED_FUNCTION = YES;
				GCC_WARN_UNUSED_VARIABLE = YES;
				MACOSX_DEPLOYMENT_TARGET = 11.5;
				MTL_ENABLE_DEBUG_INFO = NO;
				MTL_FAST_MATH = YES;
				SDKROOT = macosx;
				SWIFT_COMPILATION_MODE = wholemodule;
				SWIFT_OPTIMIZATION_LEVEL = "-O";
			};
			name = Release;
		};
		6B50A62B27D74228006B103E /* Debug */ = {
			isa = XCBuildConfiguration;
			buildSettings = {
				ASSETCATALOG_COMPILER_APPICON_NAME = AppIcon;
				ASSETCATALOG_COMPILER_GLOBAL_ACCENT_COLOR_NAME = AccentColor;
				CODE_SIGN_ENTITLEMENTS = MOTUS/MOTUS.entitlements;
				CODE_SIGN_STYLE = Automatic;
				COMBINE_HIDPI_IMAGES = YES;
				CURRENT_PROJECT_VERSION = 1;
				DEVELOPMENT_ASSET_PATHS = "\"MOTUS/Preview Content\"";
				ENABLE_PREVIEWS = YES;
				GENERATE_INFOPLIST_FILE = YES;
				INFOPLIST_KEY_NSHumanReadableCopyright = "";
				LD_RUNPATH_SEARCH_PATHS = (
					"$(inherited)",
					"@executable_path/../Frameworks",
				);
				MARKETING_VERSION = 1.0;
				PRODUCT_BUNDLE_IDENTIFIER = fr.seillier.benjamin.MOTUS;
				PRODUCT_NAME = "$(TARGET_NAME)";
				SWIFT_EMIT_LOC_STRINGS = YES;
				SWIFT_VERSION = 5.0;
			};
			name = Debug;
		};
		6B50A62C27D74228006B103E /* Release */ = {
			isa = XCBuildConfiguration;
			buildSettings = {
				ASSETCATALOG_COMPILER_APPICON_NAME = AppIcon;
				ASSETCATALOG_COMPILER_GLOBAL_ACCENT_COLOR_NAME = AccentColor;
				CODE_SIGN_ENTITLEMENTS = MOTUS/MOTUS.entitlements;
				CODE_SIGN_STYLE = Automatic;
				COMBINE_HIDPI_IMAGES = YES;
				CURRENT_PROJECT_VERSION = 1;
				DEVELOPMENT_ASSET_PATHS = "\"MOTUS/Preview Content\"";
				ENABLE_PREVIEWS = YES;
				GENERATE_INFOPLIST_FILE = YES;
				INFOPLIST_KEY_NSHumanReadableCopyright = "";
				LD_RUNPATH_SEARCH_PATHS = (
					"$(inherited)",
					"@executable_path/../Frameworks",
				);
				MARKETING_VERSION = 1.0;
				PRODUCT_BUNDLE_IDENTIFIER = fr.seillier.benjamin.MOTUS;
				PRODUCT_NAME = "$(TARGET_NAME)";
				SWIFT_EMIT_LOC_STRINGS = YES;
				SWIFT_VERSION = 5.0;
			};
			name = Release;
		};
		6B50A62E27D74228006B103E /* Debug */ = {
			isa = XCBuildConfiguration;
			buildSettings = {
				ALWAYS_EMBED_SWIFT_STANDARD_LIBRARIES = YES;
				BUNDLE_LOADER = "$(TEST_HOST)";
				CODE_SIGN_STYLE = Automatic;
				COMBINE_HIDPI_IMAGES = YES;
				CURRENT_PROJECT_VERSION = 1;
				GENERATE_INFOPLIST_FILE = YES;
				LD_RUNPATH_SEARCH_PATHS = (
					"$(inherited)",
					"@executable_path/../Frameworks",
					"@loader_path/../Frameworks",
				);
				MACOSX_DEPLOYMENT_TARGET = 11.5;
				MARKETING_VERSION = 1.0;
				PRODUCT_BUNDLE_IDENTIFIER = fr.seillier.benjamin.MOTUSTests;
				PRODUCT_NAME = "$(TARGET_NAME)";
				SWIFT_EMIT_LOC_STRINGS = NO;
				SWIFT_VERSION = 5.0;
				TEST_HOST = "$(BUILT_PRODUCTS_DIR)/MOTUS.app/Contents/MacOS/MOTUS";
			};
			name = Debug;
		};
		6B50A62F27D74228006B103E /* Release */ = {
			isa = XCBuildConfiguration;
			buildSettings = {
				ALWAYS_EMBED_SWIFT_STANDARD_LIBRARIES = YES;
				BUNDLE_LOADER = "$(TEST_HOST)";
				CODE_SIGN_STYLE = Automatic;
				COMBINE_HIDPI_IMAGES = YES;
				CURRENT_PROJECT_VERSION = 1;
				GENERATE_INFOPLIST_FILE = YES;
				LD_RUNPATH_SEARCH_PATHS = (
					"$(inherited)",
					"@executable_path/../Frameworks",
					"@loader_path/../Frameworks",
				);
				MACOSX_DEPLOYMENT_TARGET = 11.5;
				MARKETING_VERSION = 1.0;
				PRODUCT_BUNDLE_IDENTIFIER = fr.seillier.benjamin.MOTUSTests;
				PRODUCT_NAME = "$(TARGET_NAME)";
				SWIFT_EMIT_LOC_STRINGS = NO;
				SWIFT_VERSION = 5.0;
				TEST_HOST = "$(BUILT_PRODUCTS_DIR)/MOTUS.app/Contents/MacOS/MOTUS";
			};
			name = Release;
		};
/* End XCBuildConfiguration section */

/* Begin XCConfigurationList section */
		6B50A60027D74226006B103E /* Build configuration list for PBXProject "MOTUS" */ = {
			isa = XCConfigurationList;
			buildConfigurations = (
				6B50A62827D74228006B103E /* Debug */,
				6B50A62927D74228006B103E /* Release */,
			);
			defaultConfigurationIsVisible = 0;
			defaultConfigurationName = Release;
		};
		6B50A62A27D74228006B103E /* Build configuration list for PBXNativeTarget "MOTUS" */ = {
			isa = XCConfigurationList;
			buildConfigurations = (
				6B50A62B27D74228006B103E /* Debug */,
				6B50A62C27D74228006B103E /* Release */,
			);
			defaultConfigurationIsVisible = 0;
			defaultConfigurationName = Release;
		};
		6B50A62D27D74228006B103E /* Build configuration list for PBXNativeTarget "MOTUSTests" */ = {
			isa = XCConfigurationList;
			buildConfigurations = (
				6B50A62E27D74228006B103E /* Debug */,
				6B50A62F27D74228006B103E /* Release */,
			);
			defaultConfigurationIsVisible = 0;
			defaultConfigurationName = Release;
		};
/* End XCConfigurationList section */

/* Begin XCRemoteSwiftPackageReference section */
		6B50A64E27D74349006B103E /* XCRemoteSwiftPackageReference "XCTest-Gherkin" */ = {
			isa = XCRemoteSwiftPackageReference;
			repositoryURL = "https://github.com/PierreEc/XCTest-Gherkin.git";
			requirement = {
				branch = feature/RessourcesWithSPM;
				kind = branch;
			};
		};
/* End XCRemoteSwiftPackageReference section */

/* Begin XCSwiftPackageProductDependency section */
		6B50A64F27D74349006B103E /* XCTest_Gherkin */ = {
			isa = XCSwiftPackageProductDependency;
			package = 6B50A64E27D74349006B103E /* XCRemoteSwiftPackageReference "XCTest-Gherkin" */;
			productName = XCTest_Gherkin;
		};
/* End XCSwiftPackageProductDependency section */
	};
	rootObject = 6B50A5FD27D74226006B103E /* Project object */;
}
